
Microsoft Visual Studio Solution File, Format Version 12.00
# Visual Studio Version 17
VisualStudioVersion = 17.7.34003.232
MinimumVisualStudioVersion = 10.0.40219.1
Project("{FAE04EC0-301F-11D3-BF4B-00C04F79EFBC}") = "net6cicd", "net6cicd.csproj", "{EB7014AE-D934-4D20-B29A-837B63D5390C}"
EndProject
Global
	GlobalSection(SolutionConfigurationPlatforms) = preSolution
		Debug|Any CPU = Debug|Any CPU
		Release|Any CPU = Release|Any CPU
	EndGlobalSection
	GlobalSection(ProjectConfigurationPlatforms) = postSolution
		{EB7014AE-D934-4D20-B29A-837B63D5390C}.Debug|Any CPU.ActiveCfg = Debug|Any CPU
		{EB7014AE-D934-4D20-B29A-837B63D5390C}.Debug|Any CPU.Build.0 = Debug|Any CPU
		{EB7014AE-D934-4D20-B29A-837B63D5390C}.Release|Any CPU.ActiveCfg = Release|Any CPU
		{EB7014AE-D934-4D20-B29A-837B63D5390C}.Release|Any CPU.Build.0 = Release|Any CPU
	EndGlobalSection
	GlobalSection(SolutionProperties) = preSolution
		HideSolutionNode = FALSE
	EndGlobalSection
	GlobalSection(ExtensibilityGlobals) = postSolution
		SolutionGuid = {75EE83E7-2DFC-4763-A7CB-02243009E0D2}
	EndGlobalSection
EndGlobal
